
Microsoft Visual Studio Solution File, Format Version 12.00
# Visual Studio Version 17
VisualStudioVersion = 17.5.002.0
MinimumVisualStudioVersion = 10.0.40219.1
Project("{9A19103F-16F7-4668-BE54-9A1E7A4F7556}") = "MyApi", "MyApi.csproj", "{20920949-F7B0-41A3-BFA2-C0E3298C8899}"
EndProject
Global
	GlobalSection(SolutionConfigurationPlatforms) = preSolution
		Debug|Any CPU = Debug|Any CPU
		Release|Any CPU = Release|Any CPU
	EndGlobalSection
	GlobalSection(ProjectConfigurationPlatforms) = postSolution
		{20920949-F7B0-41A3-BFA2-C0E3298C8899}.Debug|Any CPU.ActiveCfg = Debug|Any CPU
		{20920949-F7B0-41A3-BFA2-C0E3298C8899}.Debug|Any CPU.Build.0 = Debug|Any CPU
		{20920949-F7B0-41A3-BFA2-C0E3298C8899}.Release|Any CPU.ActiveCfg = Release|Any CPU
		{20920949-F7B0-41A3-BFA2-C0E3298C8899}.Release|Any CPU.Build.0 = Release|Any CPU
	EndGlobalSection
	GlobalSection(SolutionProperties) = preSolution
		HideSolutionNode = FALSE
	EndGlobalSection
	GlobalSection(ExtensibilityGlobals) = postSolution
		SolutionGuid = {3EA3DB3D-6155-4963-864C-F9D67BD2019D}
	EndGlobalSection
EndGlobal
